
Microsoft Visual Studio Solution File, Format Version 12.00
# Visual Studio Version 17
VisualStudioVersion = 17.5.002.0
MinimumVisualStudioVersion = 10.0.40219.1
Project("{9A19103F-16F7-4668-BE54-9A1E7A4F7556}") = "Create-a-Mini-Game-C-foundational-certification", "Create-a-Mini-Game-C-foundational-certification.csproj", "{D4E06DB6-339D-4AB8-B0A2-3533912C6291}"
EndProject
Global
	GlobalSection(SolutionConfigurationPlatforms) = preSolution
		Debug|Any CPU = Debug|Any CPU
		Release|Any CPU = Release|Any CPU
	EndGlobalSection
	GlobalSection(ProjectConfigurationPlatforms) = postSolution
		{D4E06DB6-339D-4AB8-B0A2-3533912C6291}.Debug|Any CPU.ActiveCfg = Debug|Any CPU
		{D4E06DB6-339D-4AB8-B0A2-3533912C6291}.Debug|Any CPU.Build.0 = Debug|Any CPU
		{D4E06DB6-339D-4AB8-B0A2-3533912C6291}.Release|Any CPU.ActiveCfg = Release|Any CPU
		{D4E06DB6-339D-4AB8-B0A2-3533912C6291}.Release|Any CPU.Build.0 = Release|Any CPU
	EndGlobalSection
	GlobalSection(SolutionProperties) = preSolution
		HideSolutionNode = FALSE
	EndGlobalSection
	GlobalSection(ExtensibilityGlobals) = postSolution
		SolutionGuid = {AC2239DA-C356-423D-B456-3078F8C959C0}
	EndGlobalSection
EndGlobal
